
Microsoft Visual Studio Solution File, Format Version 12.00
# Visual Studio Version 16
VisualStudioVersion = 16.0.29613.14
MinimumVisualStudioVersion = 10.0.40219.1
Project("{8BC9CEB8-8B4A-11D0-8D11-00A0C91BC942}") = "WinObjEx64", "WinObjEx64\WinObjEx64.vcxproj", "{A68B0947-9415-4ACA-BC0A-8558A4F4FBE3}"
EndProject
Project("{2150E333-8FDC-42A3-9474-1A3956D46DE8}") = "Plugins", "Plugins", "{7C26FBEB-7B9D-4C48-8C27-E5563113C4D5}"
EndProject
Project("{8BC9CEB8-8B4A-11D0-8D11-00A0C91BC942}") = "Sonar", "Plugins\Sonar\Sonar.vcxproj", "{91A5250B-99D2-48F9-B649-82D66C9A6396}"
EndProject
Project("{8BC9CEB8-8B4A-11D0-8D11-00A0C91BC942}") = "ExamplePlugin", "Plugins\ExamplePlugin\ExamplePlugin.vcxproj", "{7C10DDD2-E88A-4133-B140-80679BE8AFDD}"
EndProject
Project("{8BC9CEB8-8B4A-11D0-8D11-00A0C91BC942}") = "ApiSetView", "Plugins\ApiSetView\ApiSetView.vcxproj", "{72BF2A8F-E7AE-467F-B00F-1C51F1C3D2C8}"
EndProject
Project("{8BC9CEB8-8B4A-11D0-8D11-00A0C91BC942}") = "ImageScope", "Plugins\ImageScope\ImageScope.vcxproj", "{38D717F0-9152-4B74-8D32-5222373EAB3E}"
EndProject
Global
	GlobalSection(SolutionConfigurationPlatforms) = preSolution
		Debug|x64 = Debug|x64
		DebugWithDriver|x64 = DebugWithDriver|x64
		Release|x64 = Release|x64
		ReleasePrivateDriver|x64 = ReleasePrivateDriver|x64
		ReleaseWinIoDriver|x64 = ReleaseWinIoDriver|x64
	EndGlobalSection
	GlobalSection(ProjectConfigurationPlatforms) = postSolution
		{A68B0947-9415-4ACA-BC0A-8558A4F4FBE3}.Debug|x64.ActiveCfg = Debug|x64
		{A68B0947-9415-4ACA-BC0A-8558A4F4FBE3}.Debug|x64.Build.0 = Debug|x64
		{A68B0947-9415-4ACA-BC0A-8558A4F4FBE3}.DebugWithDriver|x64.ActiveCfg = DebugWithDriver|x64
		{A68B0947-9415-4ACA-BC0A-8558A4F4FBE3}.DebugWithDriver|x64.Build.0 = DebugWithDriver|x64
		{A68B0947-9415-4ACA-BC0A-8558A4F4FBE3}.Release|x64.ActiveCfg = Release|x64
		{A68B0947-9415-4ACA-BC0A-8558A4F4FBE3}.Release|x64.Build.0 = Release|x64
		{A68B0947-9415-4ACA-BC0A-8558A4F4FBE3}.ReleasePrivateDriver|x64.ActiveCfg = ReleasePrivateDriver|x64
		{A68B0947-9415-4ACA-BC0A-8558A4F4FBE3}.ReleasePrivateDriver|x64.Build.0 = ReleasePrivateDriver|x64
		{A68B0947-9415-4ACA-BC0A-8558A4F4FBE3}.ReleaseWinIoDriver|x64.ActiveCfg = ReleaseWinIoDriver|x64
		{A68B0947-9415-4ACA-BC0A-8558A4F4FBE3}.ReleaseWinIoDriver|x64.Build.0 = ReleaseWinIoDriver|x64
		{91A5250B-99D2-48F9-B649-82D66C9A6396}.Debug|x64.ActiveCfg = Debug|x64
		{91A5250B-99D2-48F9-B649-82D66C9A6396}.Debug|x64.Build.0 = Debug|x64
		{91A5250B-99D2-48F9-B649-82D66C9A6396}.DebugWithDriver|x64.ActiveCfg = Debug|x64
		{91A5250B-99D2-48F9-B649-82D66C9A6396}.DebugWithDriver|x64.Build.0 = Debug|x64
		{91A5250B-99D2-48F9-B649-82D66C9A6396}.Release|x64.ActiveCfg = Release|x64
		{91A5250B-99D2-48F9-B649-82D66C9A6396}.Release|x64.Build.0 = Release|x64
		{91A5250B-99D2-48F9-B649-82D66C9A6396}.ReleasePrivateDriver|x64.ActiveCfg = Release|x64
		{91A5250B-99D2-48F9-B649-82D66C9A6396}.ReleasePrivateDriver|x64.Build.0 = Release|x64
		{91A5250B-99D2-48F9-B649-82D66C9A6396}.ReleaseWinIoDriver|x64.ActiveCfg = Release|x64
		{91A5250B-99D2-48F9-B649-82D66C9A6396}.ReleaseWinIoDriver|x64.Build.0 = Release|x64
		{7C10DDD2-E88A-4133-B140-80679BE8AFDD}.Debug|x64.ActiveCfg = Debug|x64
		{7C10DDD2-E88A-4133-B140-80679BE8AFDD}.Debug|x64.Build.0 = Debug|x64
		{7C10DDD2-E88A-4133-B140-80679BE8AFDD}.DebugWithDriver|x64.ActiveCfg = Debug|x64
		{7C10DDD2-E88A-4133-B140-80679BE8AFDD}.DebugWithDriver|x64.Build.0 = Debug|x64
		{7C10DDD2-E88A-4133-B140-80679BE8AFDD}.Release|x64.ActiveCfg = Release|x64
		{7C10DDD2-E88A-4133-B140-80679BE8AFDD}.Release|x64.Build.0 = Release|x64
		{7C10DDD2-E88A-4133-B140-80679BE8AFDD}.ReleasePrivateDriver|x64.ActiveCfg = Release|x64
		{7C10DDD2-E88A-4133-B140-80679BE8AFDD}.ReleasePrivateDriver|x64.Build.0 = Release|x64
		{7C10DDD2-E88A-4133-B140-80679BE8AFDD}.ReleaseWinIoDriver|x64.ActiveCfg = Release|x64
		{7C10DDD2-E88A-4133-B140-80679BE8AFDD}.ReleaseWinIoDriver|x64.Build.0 = Release|x64
		{72BF2A8F-E7AE-467F-B00F-1C51F1C3D2C8}.Debug|x64.ActiveCfg = Debug|x64
		{72BF2A8F-E7AE-467F-B00F-1C51F1C3D2C8}.Debug|x64.Build.0 = Debug|x64
		{72BF2A8F-E7AE-467F-B00F-1C51F1C3D2C8}.DebugWithDriver|x64.ActiveCfg = Debug|x64
		{72BF2A8F-E7AE-467F-B00F-1C51F1C3D2C8}.DebugWithDriver|x64.Build.0 = Debug|x64
		{72BF2A8F-E7AE-467F-B00F-1C51F1C3D2C8}.Release|x64.ActiveCfg = Release|x64
		{72BF2A8F-E7AE-467F-B00F-1C51F1C3D2C8}.Release|x64.Build.0 = Release|x64
		{72BF2A8F-E7AE-467F-B00F-1C51F1C3D2C8}.ReleasePrivateDriver|x64.ActiveCfg = Release|x64
		{72BF2A8F-E7AE-467F-B00F-1C51F1C3D2C8}.ReleasePrivateDriver|x64.Build.0 = Release|x64
		{72BF2A8F-E7AE-467F-B00F-1C51F1C3D2C8}.ReleaseWinIoDriver|x64.ActiveCfg = Release|x64
		{72BF2A8F-E7AE-467F-B00F-1C51F1C3D2C8}.ReleaseWinIoDriver|x64.Build.0 = Release|x64
		{38D717F0-9152-4B74-8D32-5222373EAB3E}.Debug|x64.ActiveCfg = Debug|x64
		{38D717F0-9152-4B74-8D32-5222373EAB3E}.Debug|x64.Build.0 = Debug|x64
		{38D717F0-9152-4B74-8D32-5222373EAB3E}.DebugWithDriver|x64.ActiveCfg = Debug|x64
		{38D717F0-9152-4B74-8D32-5222373EAB3E}.DebugWithDriver|x64.Build.0 = Debug|x64
		{38D717F0-9152-4B74-8D32-5222373EAB3E}.Release|x64.ActiveCfg = Release|x64
		{38D717F0-9152-4B74-8D32-5222373EAB3E}.Release|x64.Build.0 = Release|x64
		{38D717F0-9152-4B74-8D32-5222373EAB3E}.ReleasePrivateDriver|x64.ActiveCfg = Release|x64
		{38D717F0-9152-4B74-8D32-5222373EAB3E}.ReleasePrivateDriver|x64.Build.0 = Release|x64
		{38D717F0-9152-4B74-8D32-5222373EAB3E}.ReleaseWinIoDriver|x64.ActiveCfg = Release|x64
		{38D717F0-9152-4B74-8D32-5222373EAB3E}.ReleaseWinIoDriver|x64.Build.0 = Release|x64
	EndGlobalSection
	GlobalSection(SolutionProperties) = preSolution
		HideSolutionNode = FALSE
	EndGlobalSection
	GlobalSection(NestedProjects) = preSolution
		{91A5250B-99D2-48F9-B649-82D66C9A6396} = {7C26FBEB-7B9D-4C48-8C27-E5563113C4D5}
		{7C10DDD2-E88A-4133-B140-80679BE8AFDD} = {7C26FBEB-7B9D-4C48-8C27-E5563113C4D5}
		{72BF2A8F-E7AE-467F-B00F-1C51F1C3D2C8} = {7C26FBEB-7B9D-4C48-8C27-E5563113C4D5}
		{38D717F0-9152-4B74-8D32-5222373EAB3E} = {7C26FBEB-7B9D-4C48-8C27-E5563113C4D5}
	EndGlobalSection
	GlobalSection(ExtensibilityGlobals) = postSolution
		SolutionGuid = {4FAAD6B8-C83A-4862-BD27-9C4030CBA89C}
	EndGlobalSection
EndGlobal
